
Microsoft Visual Studio Solution File, Format Version 12.00
# Visual Studio 2012
Project("{FAE04EC0-301F-11D3-BF4B-00C04F79EFBC}") = "YCOT.DAL", "YCOT.DAL\YCOT.DAL.csproj", "{03288872-DDC2-4CB1-81CD-4FF1E3CA4A62}"
EndProject
Project("{FAE04EC0-301F-11D3-BF4B-00C04F79EFBC}") = "YCOT.BLL", "YCOT.BLL\YCOT.BLL.csproj", "{C54E5699-F64B-4513-B76D-55EF48D05221}"
EndProject
Project("{FAE04EC0-301F-11D3-BF4B-00C04F79EFBC}") = "YCOT.Common", "YCOT.Common\YCOT.Common.csproj", "{388BE84A-5DBB-4594-BF6A-BC6AC5133374}"
EndProject
Project("{FAE04EC0-301F-11D3-BF4B-00C04F79EFBC}") = "YCOT.UI.WinForm", "YCOT.UI.WinForm\YCOT.UI.WinForm.csproj", "{02051BA1-F929-45E6-A40B-19EF49323159}"
EndProject
Project("{FAE04EC0-301F-11D3-BF4B-00C04F79EFBC}") = "YCOT.UI.WebSite", "YCOT.UI.WebSite\YCOT.UI.WebSite.csproj", "{BCC6D3EC-8172-44F5-8FC0-FF916EC48128}"
EndProject
Project("{FAE04EC0-301F-11D3-BF4B-00C04F79EFBC}") = "YCOT.UI.WebSite.Tests", "YCOT.UI.WebSite.Tests\YCOT.UI.WebSite.Tests.csproj", "{6BFC4440-3C85-4E5E-ABBF-C91F1094087E}"
EndProject
Global
	GlobalSection(SolutionConfigurationPlatforms) = preSolution
		Debug|Any CPU = Debug|Any CPU
		Release|Any CPU = Release|Any CPU
	EndGlobalSection
	GlobalSection(ProjectConfigurationPlatforms) = postSolution
		{03288872-DDC2-4CB1-81CD-4FF1E3CA4A62}.Debug|Any CPU.ActiveCfg = Debug|Any CPU
		{03288872-DDC2-4CB1-81CD-4FF1E3CA4A62}.Debug|Any CPU.Build.0 = Debug|Any CPU
		{03288872-DDC2-4CB1-81CD-4FF1E3CA4A62}.Release|Any CPU.ActiveCfg = Release|Any CPU
		{03288872-DDC2-4CB1-81CD-4FF1E3CA4A62}.Release|Any CPU.Build.0 = Release|Any CPU
		{C54E5699-F64B-4513-B76D-55EF48D05221}.Debug|Any CPU.ActiveCfg = Debug|Any CPU
		{C54E5699-F64B-4513-B76D-55EF48D05221}.Debug|Any CPU.Build.0 = Debug|Any CPU
		{C54E5699-F64B-4513-B76D-55EF48D05221}.Release|Any CPU.ActiveCfg = Release|Any CPU
		{C54E5699-F64B-4513-B76D-55EF48D05221}.Release|Any CPU.Build.0 = Release|Any CPU
		{388BE84A-5DBB-4594-BF6A-BC6AC5133374}.Debug|Any CPU.ActiveCfg = Debug|Any CPU
		{388BE84A-5DBB-4594-BF6A-BC6AC5133374}.Debug|Any CPU.Build.0 = Debug|Any CPU
		{388BE84A-5DBB-4594-BF6A-BC6AC5133374}.Release|Any CPU.ActiveCfg = Release|Any CPU
		{388BE84A-5DBB-4594-BF6A-BC6AC5133374}.Release|Any CPU.Build.0 = Release|Any CPU
		{02051BA1-F929-45E6-A40B-19EF49323159}.Debug|Any CPU.ActiveCfg = Debug|Any CPU
		{02051BA1-F929-45E6-A40B-19EF49323159}.Debug|Any CPU.Build.0 = Debug|Any CPU
		{02051BA1-F929-45E6-A40B-19EF49323159}.Release|Any CPU.ActiveCfg = Release|Any CPU
		{02051BA1-F929-45E6-A40B-19EF49323159}.Release|Any CPU.Build.0 = Release|Any CPU
		{BCC6D3EC-8172-44F5-8FC0-FF916EC48128}.Debug|Any CPU.ActiveCfg = Debug|Any CPU
		{BCC6D3EC-8172-44F5-8FC0-FF916EC48128}.Debug|Any CPU.Build.0 = Debug|Any CPU
		{BCC6D3EC-8172-44F5-8FC0-FF916EC48128}.Release|Any CPU.ActiveCfg = Release|Any CPU
		{BCC6D3EC-8172-44F5-8FC0-FF916EC48128}.Release|Any CPU.Build.0 = Release|Any CPU
		{6BFC4440-3C85-4E5E-ABBF-C91F1094087E}.Debug|Any CPU.ActiveCfg = Debug|Any CPU
		{6BFC4440-3C85-4E5E-ABBF-C91F1094087E}.Debug|Any CPU.Build.0 = Debug|Any CPU
		{6BFC4440-3C85-4E5E-ABBF-C91F1094087E}.Release|Any CPU.ActiveCfg = Release|Any CPU
		{6BFC4440-3C85-4E5E-ABBF-C91F1094087E}.Release|Any CPU.Build.0 = Release|Any CPU
	EndGlobalSection
	GlobalSection(SolutionProperties) = preSolution
		HideSolutionNode = FALSE
	EndGlobalSection
EndGlobal
